
Microsoft Visual Studio Solution File, Format Version 12.00
# Visual Studio 15
VisualStudioVersion = 15.0.28010.2016
MinimumVisualStudioVersion = 10.0.40219.1
Project("{FAE04EC0-301F-11D3-BF4B-00C04F79EFBC}") = "Assignment 1", "Assignment 1\Assignment 1.csproj", "{54CFCC8A-41D0-4FB4-AD37-93AAC411C167}"
EndProject
Project("{FAE04EC0-301F-11D3-BF4B-00C04F79EFBC}") = "Assignment 2", "Assignment 2\Assignment 2.csproj", "{900ED3B5-E02B-41F5-9EA8-E96820A58E30}"
EndProject
Project("{FAE04EC0-301F-11D3-BF4B-00C04F79EFBC}") = "Assignment 2.1", "Assignment 2.1\Assignment 2.1.csproj", "{84CDD092-4465-446C-A3D1-64664D97FD41}"
EndProject
Project("{FAE04EC0-301F-11D3-BF4B-00C04F79EFBC}") = "Assignment 3", "Assignment 3\Assignment 3.csproj", "{F0B82788-A81D-4057-B419-652E60DA552B}"
EndProject
Project("{FAE04EC0-301F-11D3-BF4B-00C04F79EFBC}") = "Assignment 4", "WindowsFormsApp1\Assignment 4.csproj", "{C69C78EB-4A29-450F-97C4-E51898A751E6}"
EndProject
Project("{FAE04EC0-301F-11D3-BF4B-00C04F79EFBC}") = "Assignment 5", "Assignment 5\Assignment 5.csproj", "{156B541C-6C7E-4FFB-9E48-78839748F122}"
EndProject
Project("{FAE04EC0-301F-11D3-BF4B-00C04F79EFBC}") = "Assignment 6", "Assignment 6\Assignment 6.csproj", "{2BDC915C-4923-4586-8785-DD8C5E50F28F}"
EndProject
Project("{FAE04EC0-301F-11D3-BF4B-00C04F79EFBC}") = "Exercise 7", "Exercise 7\Exercise 7.csproj", "{67A1254A-F37D-4521-9A64-733DAF886276}"
EndProject
Project("{FAE04EC0-301F-11D3-BF4B-00C04F79EFBC}") = "Assignment 8", "Assignment 8\Assignment 8.csproj", "{31EC972C-17D8-458D-B594-1FF1C9E5EF77}"
EndProject
Global
	GlobalSection(SolutionConfigurationPlatforms) = preSolution
		Debug|Any CPU = Debug|Any CPU
		Release|Any CPU = Release|Any CPU
	EndGlobalSection
	GlobalSection(ProjectConfigurationPlatforms) = postSolution
		{54CFCC8A-41D0-4FB4-AD37-93AAC411C167}.Debug|Any CPU.ActiveCfg = Debug|Any CPU
		{54CFCC8A-41D0-4FB4-AD37-93AAC411C167}.Debug|Any CPU.Build.0 = Debug|Any CPU
		{54CFCC8A-41D0-4FB4-AD37-93AAC411C167}.Release|Any CPU.ActiveCfg = Release|Any CPU
		{54CFCC8A-41D0-4FB4-AD37-93AAC411C167}.Release|Any CPU.Build.0 = Release|Any CPU
		{900ED3B5-E02B-41F5-9EA8-E96820A58E30}.Debug|Any CPU.ActiveCfg = Debug|Any CPU
		{900ED3B5-E02B-41F5-9EA8-E96820A58E30}.Debug|Any CPU.Build.0 = Debug|Any CPU
		{900ED3B5-E02B-41F5-9EA8-E96820A58E30}.Release|Any CPU.ActiveCfg = Release|Any CPU
		{900ED3B5-E02B-41F5-9EA8-E96820A58E30}.Release|Any CPU.Build.0 = Release|Any CPU
		{84CDD092-4465-446C-A3D1-64664D97FD41}.Debug|Any CPU.ActiveCfg = Debug|Any CPU
		{84CDD092-4465-446C-A3D1-64664D97FD41}.Debug|Any CPU.Build.0 = Debug|Any CPU
		{84CDD092-4465-446C-A3D1-64664D97FD41}.Release|Any CPU.ActiveCfg = Release|Any CPU
		{84CDD092-4465-446C-A3D1-64664D97FD41}.Release|Any CPU.Build.0 = Release|Any CPU
		{F0B82788-A81D-4057-B419-652E60DA552B}.Debug|Any CPU.ActiveCfg = Debug|Any CPU
		{F0B82788-A81D-4057-B419-652E60DA552B}.Debug|Any CPU.Build.0 = Debug|Any CPU
		{F0B82788-A81D-4057-B419-652E60DA552B}.Release|Any CPU.ActiveCfg = Release|Any CPU
		{F0B82788-A81D-4057-B419-652E60DA552B}.Release|Any CPU.Build.0 = Release|Any CPU
		{C69C78EB-4A29-450F-97C4-E51898A751E6}.Debug|Any CPU.ActiveCfg = Debug|Any CPU
		{C69C78EB-4A29-450F-97C4-E51898A751E6}.Debug|Any CPU.Build.0 = Debug|Any CPU
		{C69C78EB-4A29-450F-97C4-E51898A751E6}.Release|Any CPU.ActiveCfg = Release|Any CPU
		{C69C78EB-4A29-450F-97C4-E51898A751E6}.Release|Any CPU.Build.0 = Release|Any CPU
		{156B541C-6C7E-4FFB-9E48-78839748F122}.Debug|Any CPU.ActiveCfg = Debug|Any CPU
		{156B541C-6C7E-4FFB-9E48-78839748F122}.Debug|Any CPU.Build.0 = Debug|Any CPU
		{156B541C-6C7E-4FFB-9E48-78839748F122}.Release|Any CPU.ActiveCfg = Release|Any CPU
		{156B541C-6C7E-4FFB-9E48-78839748F122}.Release|Any CPU.Build.0 = Release|Any CPU
		{2BDC915C-4923-4586-8785-DD8C5E50F28F}.Debug|Any CPU.ActiveCfg = Debug|Any CPU
		{2BDC915C-4923-4586-8785-DD8C5E50F28F}.Debug|Any CPU.Build.0 = Debug|Any CPU
		{2BDC915C-4923-4586-8785-DD8C5E50F28F}.Release|Any CPU.ActiveCfg = Release|Any CPU
		{2BDC915C-4923-4586-8785-DD8C5E50F28F}.Release|Any CPU.Build.0 = Release|Any CPU
		{67A1254A-F37D-4521-9A64-733DAF886276}.Debug|Any CPU.ActiveCfg = Debug|Any CPU
		{67A1254A-F37D-4521-9A64-733DAF886276}.Debug|Any CPU.Build.0 = Debug|Any CPU
		{67A1254A-F37D-4521-9A64-733DAF886276}.Release|Any CPU.ActiveCfg = Release|Any CPU
		{67A1254A-F37D-4521-9A64-733DAF886276}.Release|Any CPU.Build.0 = Release|Any CPU
		{31EC972C-17D8-458D-B594-1FF1C9E5EF77}.Debug|Any CPU.ActiveCfg = Debug|Any CPU
		{31EC972C-17D8-458D-B594-1FF1C9E5EF77}.Debug|Any CPU.Build.0 = Debug|Any CPU
		{31EC972C-17D8-458D-B594-1FF1C9E5EF77}.Release|Any CPU.ActiveCfg = Release|Any CPU
		{31EC972C-17D8-458D-B594-1FF1C9E5EF77}.Release|Any CPU.Build.0 = Release|Any CPU
	EndGlobalSection
	GlobalSection(SolutionProperties) = preSolution
		HideSolutionNode = FALSE
	EndGlobalSection
	GlobalSection(ExtensibilityGlobals) = postSolution
		SolutionGuid = {B2FFA9B0-CC87-4784-8D69-A74799C95C61}
	EndGlobalSection
EndGlobal
